
Microsoft Visual Studio Solution File, Format Version 12.00
# Visual Studio Version 16
VisualStudioVersion = 16.0.29509.3
MinimumVisualStudioVersion = 10.0.40219.1
Project("{9A19103F-16F7-4668-BE54-9A1E7A4F7556}") = "Climbing.Guide", "Climbing.Guide\Climbing.Guide.csproj", "{E85EF915-E759-491D-B88D-632F0D34A4A4}"
EndProject
Project("{FAE04EC0-301F-11D3-BF4B-00C04F79EFBC}") = "Climbing.Guide.Android", "Climbing.Guide.Android\Climbing.Guide.Android.csproj", "{24CE3C36-16B9-426D-AA0C-5961ECF8D88C}"
EndProject
Project("{FAE04EC0-301F-11D3-BF4B-00C04F79EFBC}") = "Climbing.Guide.iOS", "Climbing.Guide.iOS\Climbing.Guide.iOS.csproj", "{B85F2175-2C71-4827-8FDB-DFBE78EE5E2A}"
EndProject
Project("{9A19103F-16F7-4668-BE54-9A1E7A4F7556}") = "Climbing.Guide.Forms", "Climbing.Guide.Forms\Climbing.Guide.Forms.csproj", "{D0692222-3842-42D6-B93A-B44B941BD9EC}"
EndProject
Project("{FAE04EC0-301F-11D3-BF4B-00C04F79EFBC}") = "Climbing.Guide.UWP", "Climbing.Guide.UWP\Climbing.Guide.UWP.csproj", "{4975A62B-1D26-412F-990C-D2437F9435DF}"
EndProject
Project("{9A19103F-16F7-4668-BE54-9A1E7A4F7556}") = "Climbing.Guide.Api", "Climbing.Guide.Api\Climbing.Guide.Api.csproj", "{EFB34829-5279-4F57-B629-102A9057D09A}"
EndProject
Project("{2150E333-8FDC-42A3-9474-1A3956D46DE8}") = "CG", "CG", "{24BC698C-C81F-4128-B6AB-F4D3EA8FE81E}"
EndProject
Global
	GlobalSection(SolutionConfigurationPlatforms) = preSolution
		Ad-Hoc|Any CPU = Ad-Hoc|Any CPU
		Ad-Hoc|ARM = Ad-Hoc|ARM
		Ad-Hoc|ARM64 = Ad-Hoc|ARM64
		Ad-Hoc|iPhone = Ad-Hoc|iPhone
		Ad-Hoc|iPhoneSimulator = Ad-Hoc|iPhoneSimulator
		Ad-Hoc|x64 = Ad-Hoc|x64
		Ad-Hoc|x86 = Ad-Hoc|x86
		AppStore|Any CPU = AppStore|Any CPU
		AppStore|ARM = AppStore|ARM
		AppStore|ARM64 = AppStore|ARM64
		AppStore|iPhone = AppStore|iPhone
		AppStore|iPhoneSimulator = AppStore|iPhoneSimulator
		AppStore|x64 = AppStore|x64
		AppStore|x86 = AppStore|x86
		Debug|Any CPU = Debug|Any CPU
		Debug|ARM = Debug|ARM
		Debug|ARM64 = Debug|ARM64
		Debug|iPhone = Debug|iPhone
		Debug|iPhoneSimulator = Debug|iPhoneSimulator
		Debug|x64 = Debug|x64
		Debug|x86 = Debug|x86
		Release|Any CPU = Release|Any CPU
		Release|ARM = Release|ARM
		Release|ARM64 = Release|ARM64
		Release|iPhone = Release|iPhone
		Release|iPhoneSimulator = Release|iPhoneSimulator
		Release|x64 = Release|x64
		Release|x86 = Release|x86
	EndGlobalSection
	GlobalSection(ProjectConfigurationPlatforms) = postSolution
		{E85EF915-E759-491D-B88D-632F0D34A4A4}.Ad-Hoc|Any CPU.ActiveCfg = Release|Any CPU
		{E85EF915-E759-491D-B88D-632F0D34A4A4}.Ad-Hoc|Any CPU.Build.0 = Release|Any CPU
		{E85EF915-E759-491D-B88D-632F0D34A4A4}.Ad-Hoc|ARM.ActiveCfg = Release|Any CPU
		{E85EF915-E759-491D-B88D-632F0D34A4A4}.Ad-Hoc|ARM.Build.0 = Release|Any CPU
		{E85EF915-E759-491D-B88D-632F0D34A4A4}.Ad-Hoc|ARM64.ActiveCfg = Release|Any CPU
		{E85EF915-E759-491D-B88D-632F0D34A4A4}.Ad-Hoc|ARM64.Build.0 = Release|Any CPU
		{E85EF915-E759-491D-B88D-632F0D34A4A4}.Ad-Hoc|iPhone.ActiveCfg = Release|Any CPU
		{E85EF915-E759-491D-B88D-632F0D34A4A4}.Ad-Hoc|iPhone.Build.0 = Release|Any CPU
		{E85EF915-E759-491D-B88D-632F0D34A4A4}.Ad-Hoc|iPhoneSimulator.ActiveCfg = Release|Any CPU
		{E85EF915-E759-491D-B88D-632F0D34A4A4}.Ad-Hoc|iPhoneSimulator.Build.0 = Release|Any CPU
		{E85EF915-E759-491D-B88D-632F0D34A4A4}.Ad-Hoc|x64.ActiveCfg = Release|Any CPU
		{E85EF915-E759-491D-B88D-632F0D34A4A4}.Ad-Hoc|x64.Build.0 = Release|Any CPU
		{E85EF915-E759-491D-B88D-632F0D34A4A4}.Ad-Hoc|x86.ActiveCfg = Release|Any CPU
		{E85EF915-E759-491D-B88D-632F0D34A4A4}.Ad-Hoc|x86.Build.0 = Release|Any CPU
		{E85EF915-E759-491D-B88D-632F0D34A4A4}.AppStore|Any CPU.ActiveCfg = Release|Any CPU
		{E85EF915-E759-491D-B88D-632F0D34A4A4}.AppStore|Any CPU.Build.0 = Release|Any CPU
		{E85EF915-E759-491D-B88D-632F0D34A4A4}.AppStore|ARM.ActiveCfg = Release|Any CPU
		{E85EF915-E759-491D-B88D-632F0D34A4A4}.AppStore|ARM.Build.0 = Release|Any CPU
		{E85EF915-E759-491D-B88D-632F0D34A4A4}.AppStore|ARM64.ActiveCfg = Release|Any CPU
		{E85EF915-E759-491D-B88D-632F0D34A4A4}.AppStore|ARM64.Build.0 = Release|Any CPU
		{E85EF915-E759-491D-B88D-632F0D34A4A4}.AppStore|iPhone.ActiveCfg = Release|Any CPU
		{E85EF915-E759-491D-B88D-632F0D34A4A4}.AppStore|iPhone.Build.0 = Release|Any CPU
		{E85EF915-E759-491D-B88D-632F0D34A4A4}.AppStore|iPhoneSimulator.ActiveCfg = Release|Any CPU
		{E85EF915-E759-491D-B88D-632F0D34A4A4}.AppStore|iPhoneSimulator.Build.0 = Release|Any CPU
		{E85EF915-E759-491D-B88D-632F0D34A4A4}.AppStore|x64.ActiveCfg = Release|Any CPU
		{E85EF915-E759-491D-B88D-632F0D34A4A4}.AppStore|x64.Build.0 = Release|Any CPU
		{E85EF915-E759-491D-B88D-632F0D34A4A4}.AppStore|x86.ActiveCfg = Release|Any CPU
		{E85EF915-E759-491D-B88D-632F0D34A4A4}.AppStore|x86.Build.0 = Release|Any CPU
		{E85EF915-E759-491D-B88D-632F0D34A4A4}.Debug|Any CPU.ActiveCfg = Debug|Any CPU
		{E85EF915-E759-491D-B88D-632F0D34A4A4}.Debug|Any CPU.Build.0 = Debug|Any CPU
		{E85EF915-E759-491D-B88D-632F0D34A4A4}.Debug|ARM.ActiveCfg = Debug|Any CPU
		{E85EF915-E759-491D-B88D-632F0D34A4A4}.Debug|ARM.Build.0 = Debug|Any CPU
		{E85EF915-E759-491D-B88D-632F0D34A4A4}.Debug|ARM64.ActiveCfg = Debug|Any CPU
		{E85EF915-E759-491D-B88D-632F0D34A4A4}.Debug|ARM64.Build.0 = Debug|Any CPU
		{E85EF915-E759-491D-B88D-632F0D34A4A4}.Debug|iPhone.ActiveCfg = Debug|Any CPU
		{E85EF915-E759-491D-B88D-632F0D34A4A4}.Debug|iPhone.Build.0 = Debug|Any CPU
		{E85EF915-E759-491D-B88D-632F0D34A4A4}.Debug|iPhoneSimulator.ActiveCfg = Debug|Any CPU
		{E85EF915-E759-491D-B88D-632F0D34A4A4}.Debug|iPhoneSimulator.Build.0 = Debug|Any CPU
		{E85EF915-E759-491D-B88D-632F0D34A4A4}.Debug|x64.ActiveCfg = Debug|Any CPU
		{E85EF915-E759-491D-B88D-632F0D34A4A4}.Debug|x64.Build.0 = Debug|Any CPU
		{E85EF915-E759-491D-B88D-632F0D34A4A4}.Debug|x86.ActiveCfg = Debug|Any CPU
		{E85EF915-E759-491D-B88D-632F0D34A4A4}.Debug|x86.Build.0 = Debug|Any CPU
		{E85EF915-E759-491D-B88D-632F0D34A4A4}.Release|Any CPU.ActiveCfg = Release|Any CPU
		{E85EF915-E759-491D-B88D-632F0D34A4A4}.Release|Any CPU.Build.0 = Release|Any CPU
		{E85EF915-E759-491D-B88D-632F0D34A4A4}.Release|ARM.ActiveCfg = Release|Any CPU
		{E85EF915-E759-491D-B88D-632F0D34A4A4}.Release|ARM.Build.0 = Release|Any CPU
		{E85EF915-E759-491D-B88D-632F0D34A4A4}.Release|ARM64.ActiveCfg = Release|Any CPU
		{E85EF915-E759-491D-B88D-632F0D34A4A4}.Release|ARM64.Build.0 = Release|Any CPU
		{E85EF915-E759-491D-B88D-632F0D34A4A4}.Release|iPhone.ActiveCfg = Release|Any CPU
		{E85EF915-E759-491D-B88D-632F0D34A4A4}.Release|iPhone.Build.0 = Release|Any CPU
		{E85EF915-E759-491D-B88D-632F0D34A4A4}.Release|iPhoneSimulator.ActiveCfg = Release|Any CPU
		{E85EF915-E759-491D-B88D-632F0D34A4A4}.Release|iPhoneSimulator.Build.0 = Release|Any CPU
		{E85EF915-E759-491D-B88D-632F0D34A4A4}.Release|x64.ActiveCfg = Release|Any CPU
		{E85EF915-E759-491D-B88D-632F0D34A4A4}.Release|x64.Build.0 = Release|Any CPU
		{E85EF915-E759-491D-B88D-632F0D34A4A4}.Release|x86.ActiveCfg = Release|Any CPU
		{E85EF915-E759-491D-B88D-632F0D34A4A4}.Release|x86.Build.0 = Release|Any CPU
		{24CE3C36-16B9-426D-AA0C-5961ECF8D88C}.Ad-Hoc|Any CPU.ActiveCfg = Release|Any CPU
		{24CE3C36-16B9-426D-AA0C-5961ECF8D88C}.Ad-Hoc|Any CPU.Build.0 = Release|Any CPU
		{24CE3C36-16B9-426D-AA0C-5961ECF8D88C}.Ad-Hoc|Any CPU.Deploy.0 = Release|Any CPU
		{24CE3C36-16B9-426D-AA0C-5961ECF8D88C}.Ad-Hoc|ARM.ActiveCfg = Release|Any CPU
		{24CE3C36-16B9-426D-AA0C-5961ECF8D88C}.Ad-Hoc|ARM.Build.0 = Release|Any CPU
		{24CE3C36-16B9-426D-AA0C-5961ECF8D88C}.Ad-Hoc|ARM.Deploy.0 = Release|Any CPU
		{24CE3C36-16B9-426D-AA0C-5961ECF8D88C}.Ad-Hoc|ARM64.ActiveCfg = Release|Any CPU
		{24CE3C36-16B9-426D-AA0C-5961ECF8D88C}.Ad-Hoc|ARM64.Build.0 = Release|Any CPU
		{24CE3C36-16B9-426D-AA0C-5961ECF8D88C}.Ad-Hoc|ARM64.Deploy.0 = Release|Any CPU
		{24CE3C36-16B9-426D-AA0C-5961ECF8D88C}.Ad-Hoc|iPhone.ActiveCfg = Release|Any CPU
		{24CE3C36-16B9-426D-AA0C-5961ECF8D88C}.Ad-Hoc|iPhone.Build.0 = Release|Any CPU
		{24CE3C36-16B9-426D-AA0C-5961ECF8D88C}.Ad-Hoc|iPhone.Deploy.0 = Release|Any CPU
		{24CE3C36-16B9-426D-AA0C-5961ECF8D88C}.Ad-Hoc|iPhoneSimulator.ActiveCfg = Release|Any CPU
		{24CE3C36-16B9-426D-AA0C-5961ECF8D88C}.Ad-Hoc|iPhoneSimulator.Build.0 = Release|Any CPU
		{24CE3C36-16B9-426D-AA0C-5961ECF8D88C}.Ad-Hoc|iPhoneSimulator.Deploy.0 = Release|Any CPU
		{24CE3C36-16B9-426D-AA0C-5961ECF8D88C}.Ad-Hoc|x64.ActiveCfg = Release|Any CPU
		{24CE3C36-16B9-426D-AA0C-5961ECF8D88C}.Ad-Hoc|x64.Build.0 = Release|Any CPU
		{24CE3C36-16B9-426D-AA0C-5961ECF8D88C}.Ad-Hoc|x64.Deploy.0 = Release|Any CPU
		{24CE3C36-16B9-426D-AA0C-5961ECF8D88C}.Ad-Hoc|x86.ActiveCfg = Release|Any CPU
		{24CE3C36-16B9-426D-AA0C-5961ECF8D88C}.Ad-Hoc|x86.Build.0 = Release|Any CPU
		{24CE3C36-16B9-426D-AA0C-5961ECF8D88C}.Ad-Hoc|x86.Deploy.0 = Release|Any CPU
		{24CE3C36-16B9-426D-AA0C-5961ECF8D88C}.AppStore|Any CPU.ActiveCfg = Release|Any CPU
		{24CE3C36-16B9-426D-AA0C-5961ECF8D88C}.AppStore|Any CPU.Build.0 = Release|Any CPU
		{24CE3C36-16B9-426D-AA0C-5961ECF8D88C}.AppStore|Any CPU.Deploy.0 = Release|Any CPU
		{24CE3C36-16B9-426D-AA0C-5961ECF8D88C}.AppStore|ARM.ActiveCfg = Release|Any CPU
		{24CE3C36-16B9-426D-AA0C-5961ECF8D88C}.AppStore|ARM.Build.0 = Release|Any CPU
		{24CE3C36-16B9-426D-AA0C-5961ECF8D88C}.AppStore|ARM.Deploy.0 = Release|Any CPU
		{24CE3C36-16B9-426D-AA0C-5961ECF8D88C}.AppStore|ARM64.ActiveCfg = Release|Any CPU
		{24CE3C36-16B9-426D-AA0C-5961ECF8D88C}.AppStore|ARM64.Build.0 = Release|Any CPU
		{24CE3C36-16B9-426D-AA0C-5961ECF8D88C}.AppStore|ARM64.Deploy.0 = Release|Any CPU
		{24CE3C36-16B9-426D-AA0C-5961ECF8D88C}.AppStore|iPhone.ActiveCfg = Release|Any CPU
		{24CE3C36-16B9-426D-AA0C-5961ECF8D88C}.AppStore|iPhone.Build.0 = Release|Any CPU
		{24CE3C36-16B9-426D-AA0C-5961ECF8D88C}.AppStore|iPhone.Deploy.0 = Release|Any CPU
		{24CE3C36-16B9-426D-AA0C-5961ECF8D88C}.AppStore|iPhoneSimulator.ActiveCfg = Release|Any CPU
		{24CE3C36-16B9-426D-AA0C-5961ECF8D88C}.AppStore|iPhoneSimulator.Build.0 = Release|Any CPU
		{24CE3C36-16B9-426D-AA0C-5961ECF8D88C}.AppStore|iPhoneSimulator.Deploy.0 = Release|Any CPU
		{24CE3C36-16B9-426D-AA0C-5961ECF8D88C}.AppStore|x64.ActiveCfg = Release|Any CPU
		{24CE3C36-16B9-426D-AA0C-5961ECF8D88C}.AppStore|x64.Build.0 = Release|Any CPU
		{24CE3C36-16B9-426D-AA0C-5961ECF8D88C}.AppStore|x64.Deploy.0 = Release|Any CPU
		{24CE3C36-16B9-426D-AA0C-5961ECF8D88C}.AppStore|x86.ActiveCfg = Release|Any CPU
		{24CE3C36-16B9-426D-AA0C-5961ECF8D88C}.AppStore|x86.Build.0 = Release|Any CPU
		{24CE3C36-16B9-426D-AA0C-5961ECF8D88C}.AppStore|x86.Deploy.0 = Release|Any CPU
		{24CE3C36-16B9-426D-AA0C-5961ECF8D88C}.Debug|Any CPU.ActiveCfg = Debug|Any CPU
		{24CE3C36-16B9-426D-AA0C-5961ECF8D88C}.Debug|Any CPU.Build.0 = Debug|Any CPU
		{24CE3C36-16B9-426D-AA0C-5961ECF8D88C}.Debug|Any CPU.Deploy.0 = Debug|Any CPU
		{24CE3C36-16B9-426D-AA0C-5961ECF8D88C}.Debug|ARM.ActiveCfg = Debug|Any CPU
		{24CE3C36-16B9-426D-AA0C-5961ECF8D88C}.Debug|ARM.Build.0 = Debug|Any CPU
		{24CE3C36-16B9-426D-AA0C-5961ECF8D88C}.Debug|ARM.Deploy.0 = Debug|Any CPU
		{24CE3C36-16B9-426D-AA0C-5961ECF8D88C}.Debug|ARM64.ActiveCfg = Debug|Any CPU
		{24CE3C36-16B9-426D-AA0C-5961ECF8D88C}.Debug|ARM64.Build.0 = Debug|Any CPU
		{24CE3C36-16B9-426D-AA0C-5961ECF8D88C}.Debug|ARM64.Deploy.0 = Debug|Any CPU
		{24CE3C36-16B9-426D-AA0C-5961ECF8D88C}.Debug|iPhone.ActiveCfg = Debug|Any CPU
		{24CE3C36-16B9-426D-AA0C-5961ECF8D88C}.Debug|iPhone.Build.0 = Debug|Any CPU
		{24CE3C36-16B9-426D-AA0C-5961ECF8D88C}.Debug|iPhone.Deploy.0 = Debug|Any CPU
		{24CE3C36-16B9-426D-AA0C-5961ECF8D88C}.Debug|iPhoneSimulator.ActiveCfg = Debug|Any CPU
		{24CE3C36-16B9-426D-AA0C-5961ECF8D88C}.Debug|iPhoneSimulator.Build.0 = Debug|Any CPU
		{24CE3C36-16B9-426D-AA0C-5961ECF8D88C}.Debug|iPhoneSimulator.Deploy.0 = Debug|Any CPU
		{24CE3C36-16B9-426D-AA0C-5961ECF8D88C}.Debug|x64.ActiveCfg = Debug|Any CPU
		{24CE3C36-16B9-426D-AA0C-5961ECF8D88C}.Debug|x64.Build.0 = Debug|Any CPU
		{24CE3C36-16B9-426D-AA0C-5961ECF8D88C}.Debug|x64.Deploy.0 = Debug|Any CPU
		{24CE3C36-16B9-426D-AA0C-5961ECF8D88C}.Debug|x86.ActiveCfg = Debug|Any CPU
		{24CE3C36-16B9-426D-AA0C-5961ECF8D88C}.Debug|x86.Build.0 = Debug|Any CPU
		{24CE3C36-16B9-426D-AA0C-5961ECF8D88C}.Debug|x86.Deploy.0 = Debug|Any CPU
		{24CE3C36-16B9-426D-AA0C-5961ECF8D88C}.Release|Any CPU.ActiveCfg = Release|Any CPU
		{24CE3C36-16B9-426D-AA0C-5961ECF8D88C}.Release|Any CPU.Build.0 = Release|Any CPU
		{24CE3C36-16B9-426D-AA0C-5961ECF8D88C}.Release|Any CPU.Deploy.0 = Release|Any CPU
		{24CE3C36-16B9-426D-AA0C-5961ECF8D88C}.Release|ARM.ActiveCfg = Release|Any CPU
		{24CE3C36-16B9-426D-AA0C-5961ECF8D88C}.Release|ARM.Build.0 = Release|Any CPU
		{24CE3C36-16B9-426D-AA0C-5961ECF8D88C}.Release|ARM.Deploy.0 = Release|Any CPU
		{24CE3C36-16B9-426D-AA0C-5961ECF8D88C}.Release|ARM64.ActiveCfg = Release|Any CPU
		{24CE3C36-16B9-426D-AA0C-5961ECF8D88C}.Release|ARM64.Build.0 = Release|Any CPU
		{24CE3C36-16B9-426D-AA0C-5961ECF8D88C}.Release|ARM64.Deploy.0 = Release|Any CPU
		{24CE3C36-16B9-426D-AA0C-5961ECF8D88C}.Release|iPhone.ActiveCfg = Release|Any CPU
		{24CE3C36-16B9-426D-AA0C-5961ECF8D88C}.Release|iPhone.Build.0 = Release|Any CPU
		{24CE3C36-16B9-426D-AA0C-5961ECF8D88C}.Release|iPhone.Deploy.0 = Release|Any CPU
		{24CE3C36-16B9-426D-AA0C-5961ECF8D88C}.Release|iPhoneSimulator.ActiveCfg = Release|Any CPU
		{24CE3C36-16B9-426D-AA0C-5961ECF8D88C}.Release|iPhoneSimulator.Build.0 = Release|Any CPU
		{24CE3C36-16B9-426D-AA0C-5961ECF8D88C}.Release|iPhoneSimulator.Deploy.0 = Release|Any CPU
		{24CE3C36-16B9-426D-AA0C-5961ECF8D88C}.Release|x64.ActiveCfg = Release|Any CPU
		{24CE3C36-16B9-426D-AA0C-5961ECF8D88C}.Release|x64.Build.0 = Release|Any CPU
		{24CE3C36-16B9-426D-AA0C-5961ECF8D88C}.Release|x64.Deploy.0 = Release|Any CPU
		{24CE3C36-16B9-426D-AA0C-5961ECF8D88C}.Release|x86.ActiveCfg = Release|Any CPU
		{24CE3C36-16B9-426D-AA0C-5961ECF8D88C}.Release|x86.Build.0 = Release|Any CPU
		{24CE3C36-16B9-426D-AA0C-5961ECF8D88C}.Release|x86.Deploy.0 = Release|Any CPU
		{B85F2175-2C71-4827-8FDB-DFBE78EE5E2A}.Ad-Hoc|Any CPU.ActiveCfg = Release|iPhoneSimulator
		{B85F2175-2C71-4827-8FDB-DFBE78EE5E2A}.Ad-Hoc|ARM.ActiveCfg = Release|iPhoneSimulator
		{B85F2175-2C71-4827-8FDB-DFBE78EE5E2A}.Ad-Hoc|ARM64.ActiveCfg = Release|iPhoneSimulator
		{B85F2175-2C71-4827-8FDB-DFBE78EE5E2A}.Ad-Hoc|iPhone.ActiveCfg = Release|iPhone
		{B85F2175-2C71-4827-8FDB-DFBE78EE5E2A}.Ad-Hoc|iPhoneSimulator.ActiveCfg = Release|iPhoneSimulator
		{B85F2175-2C71-4827-8FDB-DFBE78EE5E2A}.Ad-Hoc|x64.ActiveCfg = Release|iPhoneSimulator
		{B85F2175-2C71-4827-8FDB-DFBE78EE5E2A}.Ad-Hoc|x86.ActiveCfg = Release|iPhoneSimulator
		{B85F2175-2C71-4827-8FDB-DFBE78EE5E2A}.AppStore|Any CPU.ActiveCfg = Release|iPhoneSimulator
		{B85F2175-2C71-4827-8FDB-DFBE78EE5E2A}.AppStore|ARM.ActiveCfg = Release|iPhoneSimulator
		{B85F2175-2C71-4827-8FDB-DFBE78EE5E2A}.AppStore|ARM64.ActiveCfg = Release|iPhoneSimulator
		{B85F2175-2C71-4827-8FDB-DFBE78EE5E2A}.AppStore|iPhone.ActiveCfg = Release|iPhone
		{B85F2175-2C71-4827-8FDB-DFBE78EE5E2A}.AppStore|iPhoneSimulator.ActiveCfg = Release|iPhoneSimulator
		{B85F2175-2C71-4827-8FDB-DFBE78EE5E2A}.AppStore|x64.ActiveCfg = Release|iPhoneSimulator
		{B85F2175-2C71-4827-8FDB-DFBE78EE5E2A}.AppStore|x86.ActiveCfg = Release|iPhoneSimulator
		{B85F2175-2C71-4827-8FDB-DFBE78EE5E2A}.Debug|Any CPU.ActiveCfg = Debug|iPhone
		{B85F2175-2C71-4827-8FDB-DFBE78EE5E2A}.Debug|ARM.ActiveCfg = Debug|iPhoneSimulator
		{B85F2175-2C71-4827-8FDB-DFBE78EE5E2A}.Debug|ARM64.ActiveCfg = Debug|iPhoneSimulator
		{B85F2175-2C71-4827-8FDB-DFBE78EE5E2A}.Debug|iPhone.ActiveCfg = Debug|iPhone
		{B85F2175-2C71-4827-8FDB-DFBE78EE5E2A}.Debug|iPhone.Build.0 = Debug|iPhone
		{B85F2175-2C71-4827-8FDB-DFBE78EE5E2A}.Debug|iPhoneSimulator.ActiveCfg = Debug|iPhoneSimulator
		{B85F2175-2C71-4827-8FDB-DFBE78EE5E2A}.Debug|iPhoneSimulator.Build.0 = Debug|iPhoneSimulator
		{B85F2175-2C71-4827-8FDB-DFBE78EE5E2A}.Debug|x64.ActiveCfg = Debug|iPhoneSimulator
		{B85F2175-2C71-4827-8FDB-DFBE78EE5E2A}.Debug|x86.ActiveCfg = Debug|iPhoneSimulator
		{B85F2175-2C71-4827-8FDB-DFBE78EE5E2A}.Release|Any CPU.ActiveCfg = Release|iPhone
		{B85F2175-2C71-4827-8FDB-DFBE78EE5E2A}.Release|ARM.ActiveCfg = Release|iPhoneSimulator
		{B85F2175-2C71-4827-8FDB-DFBE78EE5E2A}.Release|ARM64.ActiveCfg = Release|iPhoneSimulator
		{B85F2175-2C71-4827-8FDB-DFBE78EE5E2A}.Release|iPhone.ActiveCfg = Release|iPhone
		{B85F2175-2C71-4827-8FDB-DFBE78EE5E2A}.Release|iPhone.Build.0 = Release|iPhone
		{B85F2175-2C71-4827-8FDB-DFBE78EE5E2A}.Release|iPhoneSimulator.ActiveCfg = Release|iPhoneSimulator
		{B85F2175-2C71-4827-8FDB-DFBE78EE5E2A}.Release|iPhoneSimulator.Build.0 = Release|iPhoneSimulator
		{B85F2175-2C71-4827-8FDB-DFBE78EE5E2A}.Release|x64.ActiveCfg = Release|iPhoneSimulator
		{B85F2175-2C71-4827-8FDB-DFBE78EE5E2A}.Release|x86.ActiveCfg = Release|iPhoneSimulator
		{D0692222-3842-42D6-B93A-B44B941BD9EC}.Ad-Hoc|Any CPU.ActiveCfg = Release|Any CPU
		{D0692222-3842-42D6-B93A-B44B941BD9EC}.Ad-Hoc|Any CPU.Build.0 = Release|Any CPU
		{D0692222-3842-42D6-B93A-B44B941BD9EC}.Ad-Hoc|ARM.ActiveCfg = Release|Any CPU
		{D0692222-3842-42D6-B93A-B44B941BD9EC}.Ad-Hoc|ARM.Build.0 = Release|Any CPU
		{D0692222-3842-42D6-B93A-B44B941BD9EC}.Ad-Hoc|ARM64.ActiveCfg = Release|Any CPU
		{D0692222-3842-42D6-B93A-B44B941BD9EC}.Ad-Hoc|ARM64.Build.0 = Release|Any CPU
		{D0692222-3842-42D6-B93A-B44B941BD9EC}.Ad-Hoc|iPhone.ActiveCfg = Release|Any CPU
		{D0692222-3842-42D6-B93A-B44B941BD9EC}.Ad-Hoc|iPhone.Build.0 = Release|Any CPU
		{D0692222-3842-42D6-B93A-B44B941BD9EC}.Ad-Hoc|iPhoneSimulator.ActiveCfg = Release|Any CPU
		{D0692222-3842-42D6-B93A-B44B941BD9EC}.Ad-Hoc|iPhoneSimulator.Build.0 = Release|Any CPU
		{D0692222-3842-42D6-B93A-B44B941BD9EC}.Ad-Hoc|x64.ActiveCfg = Release|Any CPU
		{D0692222-3842-42D6-B93A-B44B941BD9EC}.Ad-Hoc|x64.Build.0 = Release|Any CPU
		{D0692222-3842-42D6-B93A-B44B941BD9EC}.Ad-Hoc|x86.ActiveCfg = Release|Any CPU
		{D0692222-3842-42D6-B93A-B44B941BD9EC}.Ad-Hoc|x86.Build.0 = Release|Any CPU
		{D0692222-3842-42D6-B93A-B44B941BD9EC}.AppStore|Any CPU.ActiveCfg = Release|Any CPU
		{D0692222-3842-42D6-B93A-B44B941BD9EC}.AppStore|Any CPU.Build.0 = Release|Any CPU
		{D0692222-3842-42D6-B93A-B44B941BD9EC}.AppStore|ARM.ActiveCfg = Release|Any CPU
		{D0692222-3842-42D6-B93A-B44B941BD9EC}.AppStore|ARM.Build.0 = Release|Any CPU
		{D0692222-3842-42D6-B93A-B44B941BD9EC}.AppStore|ARM64.ActiveCfg = Release|Any CPU
		{D0692222-3842-42D6-B93A-B44B941BD9EC}.AppStore|ARM64.Build.0 = Release|Any CPU
		{D0692222-3842-42D6-B93A-B44B941BD9EC}.AppStore|iPhone.ActiveCfg = Release|Any CPU
		{D0692222-3842-42D6-B93A-B44B941BD9EC}.AppStore|iPhone.Build.0 = Release|Any CPU
		{D0692222-3842-42D6-B93A-B44B941BD9EC}.AppStore|iPhoneSimulator.ActiveCfg = Release|Any CPU
		{D0692222-3842-42D6-B93A-B44B941BD9EC}.AppStore|iPhoneSimulator.Build.0 = Release|Any CPU
		{D0692222-3842-42D6-B93A-B44B941BD9EC}.AppStore|x64.ActiveCfg = Release|Any CPU
		{D0692222-3842-42D6-B93A-B44B941BD9EC}.AppStore|x64.Build.0 = Release|Any CPU
		{D0692222-3842-42D6-B93A-B44B941BD9EC}.AppStore|x86.ActiveCfg = Release|Any CPU
		{D0692222-3842-42D6-B93A-B44B941BD9EC}.AppStore|x86.Build.0 = Release|Any CPU
		{D0692222-3842-42D6-B93A-B44B941BD9EC}.Debug|Any CPU.ActiveCfg = Debug|Any CPU
		{D0692222-3842-42D6-B93A-B44B941BD9EC}.Debug|Any CPU.Build.0 = Debug|Any CPU
		{D0692222-3842-42D6-B93A-B44B941BD9EC}.Debug|ARM.ActiveCfg = Debug|Any CPU
		{D0692222-3842-42D6-B93A-B44B941BD9EC}.Debug|ARM.Build.0 = Debug|Any CPU
		{D0692222-3842-42D6-B93A-B44B941BD9EC}.Debug|ARM64.ActiveCfg = Debug|Any CPU
		{D0692222-3842-42D6-B93A-B44B941BD9EC}.Debug|ARM64.Build.0 = Debug|Any CPU
		{D0692222-3842-42D6-B93A-B44B941BD9EC}.Debug|iPhone.ActiveCfg = Debug|Any CPU
		{D0692222-3842-42D6-B93A-B44B941BD9EC}.Debug|iPhone.Build.0 = Debug|Any CPU
		{D0692222-3842-42D6-B93A-B44B941BD9EC}.Debug|iPhoneSimulator.ActiveCfg = Debug|Any CPU
		{D0692222-3842-42D6-B93A-B44B941BD9EC}.Debug|iPhoneSimulator.Build.0 = Debug|Any CPU
		{D0692222-3842-42D6-B93A-B44B941BD9EC}.Debug|x64.ActiveCfg = Debug|Any CPU
		{D0692222-3842-42D6-B93A-B44B941BD9EC}.Debug|x64.Build.0 = Debug|Any CPU
		{D0692222-3842-42D6-B93A-B44B941BD9EC}.Debug|x86.ActiveCfg = Debug|Any CPU
		{D0692222-3842-42D6-B93A-B44B941BD9EC}.Debug|x86.Build.0 = Debug|Any CPU
		{D0692222-3842-42D6-B93A-B44B941BD9EC}.Release|Any CPU.ActiveCfg = Release|Any CPU
		{D0692222-3842-42D6-B93A-B44B941BD9EC}.Release|Any CPU.Build.0 = Release|Any CPU
		{D0692222-3842-42D6-B93A-B44B941BD9EC}.Release|ARM.ActiveCfg = Release|Any CPU
		{D0692222-3842-42D6-B93A-B44B941BD9EC}.Release|ARM.Build.0 = Release|Any CPU
		{D0692222-3842-42D6-B93A-B44B941BD9EC}.Release|ARM64.ActiveCfg = Release|Any CPU
		{D0692222-3842-42D6-B93A-B44B941BD9EC}.Release|ARM64.Build.0 = Release|Any CPU
		{D0692222-3842-42D6-B93A-B44B941BD9EC}.Release|iPhone.ActiveCfg = Release|Any CPU
		{D0692222-3842-42D6-B93A-B44B941BD9EC}.Release|iPhone.Build.0 = Release|Any CPU
		{D0692222-3842-42D6-B93A-B44B941BD9EC}.Release|iPhoneSimulator.ActiveCfg = Release|Any CPU
		{D0692222-3842-42D6-B93A-B44B941BD9EC}.Release|iPhoneSimulator.Build.0 = Release|Any CPU
		{D0692222-3842-42D6-B93A-B44B941BD9EC}.Release|x64.ActiveCfg = Release|Any CPU
		{D0692222-3842-42D6-B93A-B44B941BD9EC}.Release|x64.Build.0 = Release|Any CPU
		{D0692222-3842-42D6-B93A-B44B941BD9EC}.Release|x86.ActiveCfg = Release|Any CPU
		{D0692222-3842-42D6-B93A-B44B941BD9EC}.Release|x86.Build.0 = Release|Any CPU
		{4975A62B-1D26-412F-990C-D2437F9435DF}.Ad-Hoc|Any CPU.ActiveCfg = Release|x64
		{4975A62B-1D26-412F-990C-D2437F9435DF}.Ad-Hoc|Any CPU.Build.0 = Release|x64
		{4975A62B-1D26-412F-990C-D2437F9435DF}.Ad-Hoc|Any CPU.Deploy.0 = Release|x64
		{4975A62B-1D26-412F-990C-D2437F9435DF}.Ad-Hoc|ARM.ActiveCfg = Release|ARM
		{4975A62B-1D26-412F-990C-D2437F9435DF}.Ad-Hoc|ARM.Build.0 = Release|ARM
		{4975A62B-1D26-412F-990C-D2437F9435DF}.Ad-Hoc|ARM.Deploy.0 = Release|ARM
		{4975A62B-1D26-412F-990C-D2437F9435DF}.Ad-Hoc|ARM64.ActiveCfg = Release|ARM64
		{4975A62B-1D26-412F-990C-D2437F9435DF}.Ad-Hoc|ARM64.Build.0 = Release|ARM64
		{4975A62B-1D26-412F-990C-D2437F9435DF}.Ad-Hoc|ARM64.Deploy.0 = Release|ARM64
		{4975A62B-1D26-412F-990C-D2437F9435DF}.Ad-Hoc|iPhone.ActiveCfg = Release|x64
		{4975A62B-1D26-412F-990C-D2437F9435DF}.Ad-Hoc|iPhone.Build.0 = Release|x64
		{4975A62B-1D26-412F-990C-D2437F9435DF}.Ad-Hoc|iPhone.Deploy.0 = Release|x64
		{4975A62B-1D26-412F-990C-D2437F9435DF}.Ad-Hoc|iPhoneSimulator.ActiveCfg = Release|x64
		{4975A62B-1D26-412F-990C-D2437F9435DF}.Ad-Hoc|iPhoneSimulator.Build.0 = Release|x64
		{4975A62B-1D26-412F-990C-D2437F9435DF}.Ad-Hoc|iPhoneSimulator.Deploy.0 = Release|x64
		{4975A62B-1D26-412F-990C-D2437F9435DF}.Ad-Hoc|x64.ActiveCfg = Release|x64
		{4975A62B-1D26-412F-990C-D2437F9435DF}.Ad-Hoc|x64.Build.0 = Release|x64
		{4975A62B-1D26-412F-990C-D2437F9435DF}.Ad-Hoc|x64.Deploy.0 = Release|x64
		{4975A62B-1D26-412F-990C-D2437F9435DF}.Ad-Hoc|x86.ActiveCfg = Release|x86
		{4975A62B-1D26-412F-990C-D2437F9435DF}.Ad-Hoc|x86.Build.0 = Release|x86
		{4975A62B-1D26-412F-990C-D2437F9435DF}.Ad-Hoc|x86.Deploy.0 = Release|x86
		{4975A62B-1D26-412F-990C-D2437F9435DF}.AppStore|Any CPU.ActiveCfg = Release|x64
		{4975A62B-1D26-412F-990C-D2437F9435DF}.AppStore|Any CPU.Build.0 = Release|x64
		{4975A62B-1D26-412F-990C-D2437F9435DF}.AppStore|Any CPU.Deploy.0 = Release|x64
		{4975A62B-1D26-412F-990C-D2437F9435DF}.AppStore|ARM.ActiveCfg = Release|ARM
		{4975A62B-1D26-412F-990C-D2437F9435DF}.AppStore|ARM.Build.0 = Release|ARM
		{4975A62B-1D26-412F-990C-D2437F9435DF}.AppStore|ARM.Deploy.0 = Release|ARM
		{4975A62B-1D26-412F-990C-D2437F9435DF}.AppStore|ARM64.ActiveCfg = Release|ARM64
		{4975A62B-1D26-412F-990C-D2437F9435DF}.AppStore|ARM64.Build.0 = Release|ARM64
		{4975A62B-1D26-412F-990C-D2437F9435DF}.AppStore|ARM64.Deploy.0 = Release|ARM64
		{4975A62B-1D26-412F-990C-D2437F9435DF}.AppStore|iPhone.ActiveCfg = Release|x64
		{4975A62B-1D26-412F-990C-D2437F9435DF}.AppStore|iPhone.Build.0 = Release|x64
		{4975A62B-1D26-412F-990C-D2437F9435DF}.AppStore|iPhone.Deploy.0 = Release|x64
		{4975A62B-1D26-412F-990C-D2437F9435DF}.AppStore|iPhoneSimulator.ActiveCfg = Release|x64
		{4975A62B-1D26-412F-990C-D2437F9435DF}.AppStore|iPhoneSimulator.Build.0 = Release|x64
		{4975A62B-1D26-412F-990C-D2437F9435DF}.AppStore|iPhoneSimulator.Deploy.0 = Release|x64
		{4975A62B-1D26-412F-990C-D2437F9435DF}.AppStore|x64.ActiveCfg = Release|x64
		{4975A62B-1D26-412F-990C-D2437F9435DF}.AppStore|x64.Build.0 = Release|x64
		{4975A62B-1D26-412F-990C-D2437F9435DF}.AppStore|x64.Deploy.0 = Release|x64
		{4975A62B-1D26-412F-990C-D2437F9435DF}.AppStore|x86.ActiveCfg = Release|x86
		{4975A62B-1D26-412F-990C-D2437F9435DF}.AppStore|x86.Build.0 = Release|x86
		{4975A62B-1D26-412F-990C-D2437F9435DF}.AppStore|x86.Deploy.0 = Release|x86
		{4975A62B-1D26-412F-990C-D2437F9435DF}.Debug|Any CPU.ActiveCfg = Debug|x86
		{4975A62B-1D26-412F-990C-D2437F9435DF}.Debug|ARM.ActiveCfg = Debug|ARM
		{4975A62B-1D26-412F-990C-D2437F9435DF}.Debug|ARM.Build.0 = Debug|ARM
		{4975A62B-1D26-412F-990C-D2437F9435DF}.Debug|ARM.Deploy.0 = Debug|ARM
		{4975A62B-1D26-412F-990C-D2437F9435DF}.Debug|ARM64.ActiveCfg = Debug|ARM64
		{4975A62B-1D26-412F-990C-D2437F9435DF}.Debug|ARM64.Build.0 = Debug|ARM64
		{4975A62B-1D26-412F-990C-D2437F9435DF}.Debug|ARM64.Deploy.0 = Debug|ARM64
		{4975A62B-1D26-412F-990C-D2437F9435DF}.Debug|iPhone.ActiveCfg = Debug|x86
		{4975A62B-1D26-412F-990C-D2437F9435DF}.Debug|iPhoneSimulator.ActiveCfg = Debug|x86
		{4975A62B-1D26-412F-990C-D2437F9435DF}.Debug|x64.ActiveCfg = Debug|x64
		{4975A62B-1D26-412F-990C-D2437F9435DF}.Debug|x64.Build.0 = Debug|x64
		{4975A62B-1D26-412F-990C-D2437F9435DF}.Debug|x64.Deploy.0 = Debug|x64
		{4975A62B-1D26-412F-990C-D2437F9435DF}.Debug|x86.ActiveCfg = Debug|x86
		{4975A62B-1D26-412F-990C-D2437F9435DF}.Debug|x86.Build.0 = Debug|x86
		{4975A62B-1D26-412F-990C-D2437F9435DF}.Debug|x86.Deploy.0 = Debug|x86
		{4975A62B-1D26-412F-990C-D2437F9435DF}.Release|Any CPU.ActiveCfg = Release|x86
		{4975A62B-1D26-412F-990C-D2437F9435DF}.Release|ARM.ActiveCfg = Release|ARM
		{4975A62B-1D26-412F-990C-D2437F9435DF}.Release|ARM.Build.0 = Release|ARM
		{4975A62B-1D26-412F-990C-D2437F9435DF}.Release|ARM.Deploy.0 = Release|ARM
		{4975A62B-1D26-412F-990C-D2437F9435DF}.Release|ARM64.ActiveCfg = Release|ARM64
		{4975A62B-1D26-412F-990C-D2437F9435DF}.Release|ARM64.Build.0 = Release|ARM64
		{4975A62B-1D26-412F-990C-D2437F9435DF}.Release|ARM64.Deploy.0 = Release|ARM64
		{4975A62B-1D26-412F-990C-D2437F9435DF}.Release|iPhone.ActiveCfg = Release|x86
		{4975A62B-1D26-412F-990C-D2437F9435DF}.Release|iPhoneSimulator.ActiveCfg = Release|x86
		{4975A62B-1D26-412F-990C-D2437F9435DF}.Release|x64.ActiveCfg = Release|x64
		{4975A62B-1D26-412F-990C-D2437F9435DF}.Release|x64.Build.0 = Release|x64
		{4975A62B-1D26-412F-990C-D2437F9435DF}.Release|x64.Deploy.0 = Release|x64
		{4975A62B-1D26-412F-990C-D2437F9435DF}.Release|x86.ActiveCfg = Release|x86
		{4975A62B-1D26-412F-990C-D2437F9435DF}.Release|x86.Build.0 = Release|x86
		{4975A62B-1D26-412F-990C-D2437F9435DF}.Release|x86.Deploy.0 = Release|x86
		{EFB34829-5279-4F57-B629-102A9057D09A}.Ad-Hoc|Any CPU.ActiveCfg = Release|Any CPU
		{EFB34829-5279-4F57-B629-102A9057D09A}.Ad-Hoc|Any CPU.Build.0 = Release|Any CPU
		{EFB34829-5279-4F57-B629-102A9057D09A}.Ad-Hoc|ARM.ActiveCfg = Release|Any CPU
		{EFB34829-5279-4F57-B629-102A9057D09A}.Ad-Hoc|ARM.Build.0 = Release|Any CPU
		{EFB34829-5279-4F57-B629-102A9057D09A}.Ad-Hoc|ARM64.ActiveCfg = Release|Any CPU
		{EFB34829-5279-4F57-B629-102A9057D09A}.Ad-Hoc|ARM64.Build.0 = Release|Any CPU
		{EFB34829-5279-4F57-B629-102A9057D09A}.Ad-Hoc|iPhone.ActiveCfg = Release|Any CPU
		{EFB34829-5279-4F57-B629-102A9057D09A}.Ad-Hoc|iPhone.Build.0 = Release|Any CPU
		{EFB34829-5279-4F57-B629-102A9057D09A}.Ad-Hoc|iPhoneSimulator.ActiveCfg = Release|Any CPU
		{EFB34829-5279-4F57-B629-102A9057D09A}.Ad-Hoc|iPhoneSimulator.Build.0 = Release|Any CPU
		{EFB34829-5279-4F57-B629-102A9057D09A}.Ad-Hoc|x64.ActiveCfg = Release|Any CPU
		{EFB34829-5279-4F57-B629-102A9057D09A}.Ad-Hoc|x64.Build.0 = Release|Any CPU
		{EFB34829-5279-4F57-B629-102A9057D09A}.Ad-Hoc|x86.ActiveCfg = Release|Any CPU
		{EFB34829-5279-4F57-B629-102A9057D09A}.Ad-Hoc|x86.Build.0 = Release|Any CPU
		{EFB34829-5279-4F57-B629-102A9057D09A}.AppStore|Any CPU.ActiveCfg = Release|Any CPU
		{EFB34829-5279-4F57-B629-102A9057D09A}.AppStore|Any CPU.Build.0 = Release|Any CPU
		{EFB34829-5279-4F57-B629-102A9057D09A}.AppStore|ARM.ActiveCfg = Release|Any CPU
		{EFB34829-5279-4F57-B629-102A9057D09A}.AppStore|ARM.Build.0 = Release|Any CPU
		{EFB34829-5279-4F57-B629-102A9057D09A}.AppStore|ARM64.ActiveCfg = Release|Any CPU
		{EFB34829-5279-4F57-B629-102A9057D09A}.AppStore|ARM64.Build.0 = Release|Any CPU
		{EFB34829-5279-4F57-B629-102A9057D09A}.AppStore|iPhone.ActiveCfg = Release|Any CPU
		{EFB34829-5279-4F57-B629-102A9057D09A}.AppStore|iPhone.Build.0 = Release|Any CPU
		{EFB34829-5279-4F57-B629-102A9057D09A}.AppStore|iPhoneSimulator.ActiveCfg = Release|Any CPU
		{EFB34829-5279-4F57-B629-102A9057D09A}.AppStore|iPhoneSimulator.Build.0 = Release|Any CPU
		{EFB34829-5279-4F57-B629-102A9057D09A}.AppStore|x64.ActiveCfg = Release|Any CPU
		{EFB34829-5279-4F57-B629-102A9057D09A}.AppStore|x64.Build.0 = Release|Any CPU
		{EFB34829-5279-4F57-B629-102A9057D09A}.AppStore|x86.ActiveCfg = Release|Any CPU
		{EFB34829-5279-4F57-B629-102A9057D09A}.AppStore|x86.Build.0 = Release|Any CPU
		{EFB34829-5279-4F57-B629-102A9057D09A}.Debug|Any CPU.ActiveCfg = Debug|Any CPU
		{EFB34829-5279-4F57-B629-102A9057D09A}.Debug|Any CPU.Build.0 = Debug|Any CPU
		{EFB34829-5279-4F57-B629-102A9057D09A}.Debug|ARM.ActiveCfg = Debug|Any CPU
		{EFB34829-5279-4F57-B629-102A9057D09A}.Debug|ARM.Build.0 = Debug|Any CPU
		{EFB34829-5279-4F57-B629-102A9057D09A}.Debug|ARM64.ActiveCfg = Debug|Any CPU
		{EFB34829-5279-4F57-B629-102A9057D09A}.Debug|ARM64.Build.0 = Debug|Any CPU
		{EFB34829-5279-4F57-B629-102A9057D09A}.Debug|iPhone.ActiveCfg = Debug|Any CPU
		{EFB34829-5279-4F57-B629-102A9057D09A}.Debug|iPhone.Build.0 = Debug|Any CPU
		{EFB34829-5279-4F57-B629-102A9057D09A}.Debug|iPhoneSimulator.ActiveCfg = Debug|Any CPU
		{EFB34829-5279-4F57-B629-102A9057D09A}.Debug|iPhoneSimulator.Build.0 = Debug|Any CPU
		{EFB34829-5279-4F57-B629-102A9057D09A}.Debug|x64.ActiveCfg = Debug|Any CPU
		{EFB34829-5279-4F57-B629-102A9057D09A}.Debug|x64.Build.0 = Debug|Any CPU
		{EFB34829-5279-4F57-B629-102A9057D09A}.Debug|x86.ActiveCfg = Debug|Any CPU
		{EFB34829-5279-4F57-B629-102A9057D09A}.Debug|x86.Build.0 = Debug|Any CPU
		{EFB34829-5279-4F57-B629-102A9057D09A}.Release|Any CPU.ActiveCfg = Release|Any CPU
		{EFB34829-5279-4F57-B629-102A9057D09A}.Release|Any CPU.Build.0 = Release|Any CPU
		{EFB34829-5279-4F57-B629-102A9057D09A}.Release|ARM.ActiveCfg = Release|Any CPU
		{EFB34829-5279-4F57-B629-102A9057D09A}.Release|ARM.Build.0 = Release|Any CPU
		{EFB34829-5279-4F57-B629-102A9057D09A}.Release|ARM64.ActiveCfg = Release|Any CPU
		{EFB34829-5279-4F57-B629-102A9057D09A}.Release|ARM64.Build.0 = Release|Any CPU
		{EFB34829-5279-4F57-B629-102A9057D09A}.Release|iPhone.ActiveCfg = Release|Any CPU
		{EFB34829-5279-4F57-B629-102A9057D09A}.Release|iPhone.Build.0 = Release|Any CPU
		{EFB34829-5279-4F57-B629-102A9057D09A}.Release|iPhoneSimulator.ActiveCfg = Release|Any CPU
		{EFB34829-5279-4F57-B629-102A9057D09A}.Release|iPhoneSimulator.Build.0 = Release|Any CPU
		{EFB34829-5279-4F57-B629-102A9057D09A}.Release|x64.ActiveCfg = Release|Any CPU
		{EFB34829-5279-4F57-B629-102A9057D09A}.Release|x64.Build.0 = Release|Any CPU
		{EFB34829-5279-4F57-B629-102A9057D09A}.Release|x86.ActiveCfg = Release|Any CPU
		{EFB34829-5279-4F57-B629-102A9057D09A}.Release|x86.Build.0 = Release|Any CPU
	EndGlobalSection
	GlobalSection(SolutionProperties) = preSolution
		HideSolutionNode = FALSE
	EndGlobalSection
	GlobalSection(NestedProjects) = preSolution
		{E85EF915-E759-491D-B88D-632F0D34A4A4} = {24BC698C-C81F-4128-B6AB-F4D3EA8FE81E}
		{24CE3C36-16B9-426D-AA0C-5961ECF8D88C} = {24BC698C-C81F-4128-B6AB-F4D3EA8FE81E}
		{B85F2175-2C71-4827-8FDB-DFBE78EE5E2A} = {24BC698C-C81F-4128-B6AB-F4D3EA8FE81E}
		{D0692222-3842-42D6-B93A-B44B941BD9EC} = {24BC698C-C81F-4128-B6AB-F4D3EA8FE81E}
		{4975A62B-1D26-412F-990C-D2437F9435DF} = {24BC698C-C81F-4128-B6AB-F4D3EA8FE81E}
		{EFB34829-5279-4F57-B629-102A9057D09A} = {24BC698C-C81F-4128-B6AB-F4D3EA8FE81E}
	EndGlobalSection
	GlobalSection(ExtensibilityGlobals) = postSolution
		SolutionGuid = {FADCC028-9EDA-4CB7-A0B1-08985603C89E}
	EndGlobalSection
EndGlobal
